
Microsoft Visual Studio Solution File, Format Version 12.00
# Visual Studio Version 17
VisualStudioVersion = 17.9.34728.123
MinimumVisualStudioVersion = 10.0.40219.1
Project("{FAE04EC0-301F-11D3-BF4B-00C04F79EFBC}") = "NotificationManager", "NotificationManager\NotificationManager.csproj", "{D861C3F1-23FD-4D54-A2A9-C36EA0278BF9}"
EndProject
Global
	GlobalSection(SolutionConfigurationPlatforms) = preSolution
		Debug|Any CPU = Debug|Any CPU
		Release|Any CPU = Release|Any CPU
	EndGlobalSection
	GlobalSection(ProjectConfigurationPlatforms) = postSolution
		{D861C3F1-23FD-4D54-A2A9-C36EA0278BF9}.Debug|Any CPU.ActiveCfg = Debug|Any CPU
		{D861C3F1-23FD-4D54-A2A9-C36EA0278BF9}.Debug|Any CPU.Build.0 = Debug|Any CPU
		{D861C3F1-23FD-4D54-A2A9-C36EA0278BF9}.Release|Any CPU.ActiveCfg = Release|Any CPU
		{D861C3F1-23FD-4D54-A2A9-C36EA0278BF9}.Release|Any CPU.Build.0 = Release|Any CPU
	EndGlobalSection
	GlobalSection(SolutionProperties) = preSolution
		HideSolutionNode = FALSE
	EndGlobalSection
	GlobalSection(ExtensibilityGlobals) = postSolution
		SolutionGuid = {05310FD9-A73B-45DC-B5A8-6C1A6E47987A}
	EndGlobalSection
EndGlobal
